// !$*UTF8*$!
{
	archiveVersion = 1;
	classes = {
	};
	objectVersion = 55;
	objects = {

/* Begin PBXBuildFile section */
		77A9989CAF50CE461FD661B4 /* Pods_Reciplease_RecipleaseUITests.framework in Frameworks */ = {isa = PBXBuildFile; fileRef = 4C0D5ED8554ECE2E8837774E /* Pods_Reciplease_RecipleaseUITests.framework */; };
		AC5D87E079C25F568F9034F3 /* Pods_RecipleaseTests.framework in Frameworks */ = {isa = PBXBuildFile; fileRef = 40059142DAE753E92CC3906B /* Pods_RecipleaseTests.framework */; };
		CBA81F7628410BFD0078A255 /* CoreDataStack.swift in Sources */ = {isa = PBXBuildFile; fileRef = CBA81F7528410BFD0078A255 /* CoreDataStack.swift */; };
		CBA81F7828410ED00078A255 /* Recipe.swift in Sources */ = {isa = PBXBuildFile; fileRef = CBA81F7728410ED00078A255 /* Recipe.swift */; };
		CBA81F7A284112E70078A255 /* CoreDataManager.swift in Sources */ = {isa = PBXBuildFile; fileRef = CBA81F79284112E70078A255 /* CoreDataManager.swift */; };
		CBB75230284109DD00CBA65F /* AppDelegate.swift in Sources */ = {isa = PBXBuildFile; fileRef = CBB7522F284109DD00CBA65F /* AppDelegate.swift */; };
		CBB75232284109DD00CBA65F /* SceneDelegate.swift in Sources */ = {isa = PBXBuildFile; fileRef = CBB75231284109DD00CBA65F /* SceneDelegate.swift */; };
		CBB75234284109DD00CBA65F /* ViewController.swift in Sources */ = {isa = PBXBuildFile; fileRef = CBB75233284109DD00CBA65F /* ViewController.swift */; };
		CBB75237284109DD00CBA65F /* Main.storyboard in Resources */ = {isa = PBXBuildFile; fileRef = CBB75235284109DD00CBA65F /* Main.storyboard */; };
		CBB7523A284109DD00CBA65F /* Reciplease.xcdatamodeld in Sources */ = {isa = PBXBuildFile; fileRef = CBB75238284109DD00CBA65F /* Reciplease.xcdatamodeld */; };
		CBB7523C284109DD00CBA65F /* Assets.xcassets in Resources */ = {isa = PBXBuildFile; fileRef = CBB7523B284109DD00CBA65F /* Assets.xcassets */; };
		CBB7523F284109DD00CBA65F /* LaunchScreen.storyboard in Resources */ = {isa = PBXBuildFile; fileRef = CBB7523D284109DD00CBA65F /* LaunchScreen.storyboard */; };
		CBB7524A284109DD00CBA65F /* RecipleaseTests.swift in Sources */ = {isa = PBXBuildFile; fileRef = CBB75249284109DD00CBA65F /* RecipleaseTests.swift */; };
		CBB75254284109DD00CBA65F /* RecipleaseUITests.swift in Sources */ = {isa = PBXBuildFile; fileRef = CBB75253284109DD00CBA65F /* RecipleaseUITests.swift */; };
		CBB75256284109DD00CBA65F /* RecipleaseUITestsLaunchTests.swift in Sources */ = {isa = PBXBuildFile; fileRef = CBB75255284109DD00CBA65F /* RecipleaseUITestsLaunchTests.swift */; };
		F1C3C2F8B6F1BE1D0B446A6C /* Pods_Reciplease.framework in Frameworks */ = {isa = PBXBuildFile; fileRef = 8D352E3A982F2A0FA57D0A39 /* Pods_Reciplease.framework */; };
/* End PBXBuildFile section */

/* Begin PBXContainerItemProxy section */
		CBB75246284109DD00CBA65F /* PBXContainerItemProxy */ = {
			isa = PBXContainerItemProxy;
			containerPortal = CBB75224284109DD00CBA65F /* Project object */;
			proxyType = 1;
			remoteGlobalIDString = CBB7522B284109DD00CBA65F;
			remoteInfo = Reciplease;
		};
		CBB75250284109DD00CBA65F /* PBXContainerItemProxy */ = {
			isa = PBXContainerItemProxy;
			containerPortal = CBB75224284109DD00CBA65F /* Project object */;
			proxyType = 1;
			remoteGlobalIDString = CBB7522B284109DD00CBA65F;
			remoteInfo = Reciplease;
		};
/* End PBXContainerItemProxy section */

/* Begin PBXFileReference section */
		045D5AAF30AAF91641414D47 /* Pods-Reciplease-RecipleaseUITests.debug.xcconfig */ = {isa = PBXFileReference; includeInIndex = 1; lastKnownFileType = text.xcconfig; name = "Pods-Reciplease-RecipleaseUITests.debug.xcconfig"; path = "Target Support Files/Pods-Reciplease-RecipleaseUITests/Pods-Reciplease-RecipleaseUITests.debug.xcconfig"; sourceTree = "<group>"; };
		094506BFFA57A90A6D05D0F5 /* Pods-Reciplease-RecipleaseUITests.release.xcconfig */ = {isa = PBXFileReference; includeInIndex = 1; lastKnownFileType = text.xcconfig; name = "Pods-Reciplease-RecipleaseUITests.release.xcconfig"; path = "Target Support Files/Pods-Reciplease-RecipleaseUITests/Pods-Reciplease-RecipleaseUITests.release.xcconfig"; sourceTree = "<group>"; };
		0F25F2422263F9DEF315ACA5 /* Pods-RecipleaseTests.debug.xcconfig */ = {isa = PBXFileReference; includeInIndex = 1; lastKnownFileType = text.xcconfig; name = "Pods-RecipleaseTests.debug.xcconfig"; path = "Target Support Files/Pods-RecipleaseTests/Pods-RecipleaseTests.debug.xcconfig"; sourceTree = "<group>"; };
		3E0F482507F4594148B66A28 /* Pods-Reciplease.debug.xcconfig */ = {isa = PBXFileReference; includeInIndex = 1; lastKnownFileType = text.xcconfig; name = "Pods-Reciplease.debug.xcconfig"; path = "Target Support Files/Pods-Reciplease/Pods-Reciplease.debug.xcconfig"; sourceTree = "<group>"; };
		40059142DAE753E92CC3906B /* Pods_RecipleaseTests.framework */ = {isa = PBXFileReference; explicitFileType = wrapper.framework; includeInIndex = 0; path = Pods_RecipleaseTests.framework; sourceTree = BUILT_PRODUCTS_DIR; };
		4C0D5ED8554ECE2E8837774E /* Pods_Reciplease_RecipleaseUITests.framework */ = {isa = PBXFileReference; explicitFileType = wrapper.framework; includeInIndex = 0; path = Pods_Reciplease_RecipleaseUITests.framework; sourceTree = BUILT_PRODUCTS_DIR; };
		8D352E3A982F2A0FA57D0A39 /* Pods_Reciplease.framework */ = {isa = PBXFileReference; explicitFileType = wrapper.framework; includeInIndex = 0; path = Pods_Reciplease.framework; sourceTree = BUILT_PRODUCTS_DIR; };
		CBA81F7528410BFD0078A255 /* CoreDataStack.swift */ = {isa = PBXFileReference; lastKnownFileType = sourcecode.swift; path = CoreDataStack.swift; sourceTree = "<group>"; };
		CBA81F7728410ED00078A255 /* Recipe.swift */ = {isa = PBXFileReference; lastKnownFileType = sourcecode.swift; path = Recipe.swift; sourceTree = "<group>"; };
		CBA81F79284112E70078A255 /* CoreDataManager.swift */ = {isa = PBXFileReference; lastKnownFileType = sourcecode.swift; path = CoreDataManager.swift; sourceTree = "<group>"; };
		CBB7522C284109DD00CBA65F /* Reciplease.app */ = {isa = PBXFileReference; explicitFileType = wrapper.application; includeInIndex = 0; path = Reciplease.app; sourceTree = BUILT_PRODUCTS_DIR; };
		CBB7522F284109DD00CBA65F /* AppDelegate.swift */ = {isa = PBXFileReference; lastKnownFileType = sourcecode.swift; path = AppDelegate.swift; sourceTree = "<group>"; };
		CBB75231284109DD00CBA65F /* SceneDelegate.swift */ = {isa = PBXFileReference; lastKnownFileType = sourcecode.swift; path = SceneDelegate.swift; sourceTree = "<group>"; };
		CBB75233284109DD00CBA65F /* ViewController.swift */ = {isa = PBXFileReference; lastKnownFileType = sourcecode.swift; path = ViewController.swift; sourceTree = "<group>"; };
		CBB75236284109DD00CBA65F /* Base */ = {isa = PBXFileReference; lastKnownFileType = file.storyboard; name = Base; path = Base.lproj/Main.storyboard; sourceTree = "<group>"; };
		CBB75239284109DD00CBA65F /* Reciplease.xcdatamodel */ = {isa = PBXFileReference; lastKnownFileType = wrapper.xcdatamodel; path = Reciplease.xcdatamodel; sourceTree = "<group>"; };
		CBB7523B284109DD00CBA65F /* Assets.xcassets */ = {isa = PBXFileReference; lastKnownFileType = folder.assetcatalog; path = Assets.xcassets; sourceTree = "<group>"; };
		CBB7523E284109DD00CBA65F /* Base */ = {isa = PBXFileReference; lastKnownFileType = file.storyboard; name = Base; path = Base.lproj/LaunchScreen.storyboard; sourceTree = "<group>"; };
		CBB75240284109DD00CBA65F /* Info.plist */ = {isa = PBXFileReference; lastKnownFileType = text.plist.xml; path = Info.plist; sourceTree = "<group>"; };
		CBB75245284109DD00CBA65F /* RecipleaseTests.xctest */ = {isa = PBXFileReference; explicitFileType = wrapper.cfbundle; includeInIndex = 0; path = RecipleaseTests.xctest; sourceTree = BUILT_PRODUCTS_DIR; };
		CBB75249284109DD00CBA65F /* RecipleaseTests.swift */ = {isa = PBXFileReference; lastKnownFileType = sourcecode.swift; path = RecipleaseTests.swift; sourceTree = "<group>"; };
		CBB7524F284109DD00CBA65F /* RecipleaseUITests.xctest */ = {isa = PBXFileReference; explicitFileType = wrapper.cfbundle; includeInIndex = 0; path = RecipleaseUITests.xctest; sourceTree = BUILT_PRODUCTS_DIR; };
		CBB75253284109DD00CBA65F /* RecipleaseUITests.swift */ = {isa = PBXFileReference; lastKnownFileType = sourcecode.swift; path = RecipleaseUITests.swift; sourceTree = "<group>"; };
		CBB75255284109DD00CBA65F /* RecipleaseUITestsLaunchTests.swift */ = {isa = PBXFileReference; lastKnownFileType = sourcecode.swift; path = RecipleaseUITestsLaunchTests.swift; sourceTree = "<group>"; };
		D692478AAFC27B5179ED8F7C /* Pods-RecipleaseTests.release.xcconfig */ = {isa = PBXFileReference; includeInIndex = 1; lastKnownFileType = text.xcconfig; name = "Pods-RecipleaseTests.release.xcconfig"; path = "Target Support Files/Pods-RecipleaseTests/Pods-RecipleaseTests.release.xcconfig"; sourceTree = "<group>"; };
		E22E3E1F947ACB4CEEB8C61D /* Pods-Reciplease.release.xcconfig */ = {isa = PBXFileReference; includeInIndex = 1; lastKnownFileType = text.xcconfig; name = "Pods-Reciplease.release.xcconfig"; path = "Target Support Files/Pods-Reciplease/Pods-Reciplease.release.xcconfig"; sourceTree = "<group>"; };
/* End PBXFileReference section */

/* Begin PBXFrameworksBuildPhase section */
		CBB75229284109DD00CBA65F /* Frameworks */ = {
			isa = PBXFrameworksBuildPhase;
			buildActionMask = 2147483647;
			files = (
				F1C3C2F8B6F1BE1D0B446A6C /* Pods_Reciplease.framework in Frameworks */,
			);
			runOnlyForDeploymentPostprocessing = 0;
		};
		CBB75242284109DD00CBA65F /* Frameworks */ = {
			isa = PBXFrameworksBuildPhase;
			buildActionMask = 2147483647;
			files = (
				AC5D87E079C25F568F9034F3 /* Pods_RecipleaseTests.framework in Frameworks */,
			);
			runOnlyForDeploymentPostprocessing = 0;
		};
		CBB7524C284109DD00CBA65F /* Frameworks */ = {
			isa = PBXFrameworksBuildPhase;
			buildActionMask = 2147483647;
			files = (
				77A9989CAF50CE461FD661B4 /* Pods_Reciplease_RecipleaseUITests.framework in Frameworks */,
			);
			runOnlyForDeploymentPostprocessing = 0;
		};
/* End PBXFrameworksBuildPhase section */

/* Begin PBXGroup section */
		768E9A423EE559D65B1FB0C7 /* Pods */ = {
			isa = PBXGroup;
			children = (
				3E0F482507F4594148B66A28 /* Pods-Reciplease.debug.xcconfig */,
				E22E3E1F947ACB4CEEB8C61D /* Pods-Reciplease.release.xcconfig */,
				045D5AAF30AAF91641414D47 /* Pods-Reciplease-RecipleaseUITests.debug.xcconfig */,
				094506BFFA57A90A6D05D0F5 /* Pods-Reciplease-RecipleaseUITests.release.xcconfig */,
				0F25F2422263F9DEF315ACA5 /* Pods-RecipleaseTests.debug.xcconfig */,
				D692478AAFC27B5179ED8F7C /* Pods-RecipleaseTests.release.xcconfig */,
			);
			path = Pods;
			sourceTree = "<group>";
		};
		CBA81F7128410AAC0078A255 /* Model */ = {
			isa = PBXGroup;
			children = (
				CBA81F7428410B9F0078A255 /* CoreData */,
			);
			path = Model;
			sourceTree = "<group>";
		};
		CBA81F7228410ABD0078A255 /* View */ = {
			isa = PBXGroup;
			children = (
				CBB7523D284109DD00CBA65F /* LaunchScreen.storyboard */,
				CBB75235284109DD00CBA65F /* Main.storyboard */,
				CBB7523B284109DD00CBA65F /* Assets.xcassets */,
			);
			path = View;
			sourceTree = "<group>";
		};
		CBA81F7328410AC50078A255 /* Controller */ = {
			isa = PBXGroup;
			children = (
				CBB75233284109DD00CBA65F /* ViewController.swift */,
			);
			path = Controller;
			sourceTree = "<group>";
		};
		CBA81F7428410B9F0078A255 /* CoreData */ = {
			isa = PBXGroup;
			children = (
				CBB75238284109DD00CBA65F /* Reciplease.xcdatamodeld */,
				CBA81F7528410BFD0078A255 /* CoreDataStack.swift */,
				CBA81F7728410ED00078A255 /* Recipe.swift */,
				CBA81F79284112E70078A255 /* CoreDataManager.swift */,
			);
			path = CoreData;
			sourceTree = "<group>";
		};
		CBB75223284109DD00CBA65F = {
			isa = PBXGroup;
			children = (
				CBB7522E284109DD00CBA65F /* Reciplease */,
				CBB75248284109DD00CBA65F /* RecipleaseTests */,
				CBB75252284109DD00CBA65F /* RecipleaseUITests */,
				CBB7522D284109DD00CBA65F /* Products */,
				768E9A423EE559D65B1FB0C7 /* Pods */,
				CDC1E6DA3234E3FF23C59F5E /* Frameworks */,
			);
			sourceTree = "<group>";
		};
		CBB7522D284109DD00CBA65F /* Products */ = {
			isa = PBXGroup;
			children = (
				CBB7522C284109DD00CBA65F /* Reciplease.app */,
				CBB75245284109DD00CBA65F /* RecipleaseTests.xctest */,
				CBB7524F284109DD00CBA65F /* RecipleaseUITests.xctest */,
			);
			name = Products;
			sourceTree = "<group>";
		};
		CBB7522E284109DD00CBA65F /* Reciplease */ = {
			isa = PBXGroup;
			children = (
				CBA81F7328410AC50078A255 /* Controller */,
				CBA81F7228410ABD0078A255 /* View */,
				CBA81F7128410AAC0078A255 /* Model */,
				CBB7522F284109DD00CBA65F /* AppDelegate.swift */,
				CBB75231284109DD00CBA65F /* SceneDelegate.swift */,
				CBB75240284109DD00CBA65F /* Info.plist */,
			);
			path = Reciplease;
			sourceTree = "<group>";
		};
		CBB75248284109DD00CBA65F /* RecipleaseTests */ = {
			isa = PBXGroup;
			children = (
				CBB75249284109DD00CBA65F /* RecipleaseTests.swift */,
			);
			path = RecipleaseTests;
			sourceTree = "<group>";
		};
		CBB75252284109DD00CBA65F /* RecipleaseUITests */ = {
			isa = PBXGroup;
			children = (
				CBB75253284109DD00CBA65F /* RecipleaseUITests.swift */,
				CBB75255284109DD00CBA65F /* RecipleaseUITestsLaunchTests.swift */,
			);
			path = RecipleaseUITests;
			sourceTree = "<group>";
		};
		CDC1E6DA3234E3FF23C59F5E /* Frameworks */ = {
			isa = PBXGroup;
			children = (
				8D352E3A982F2A0FA57D0A39 /* Pods_Reciplease.framework */,
				4C0D5ED8554ECE2E8837774E /* Pods_Reciplease_RecipleaseUITests.framework */,
				40059142DAE753E92CC3906B /* Pods_RecipleaseTests.framework */,
			);
			name = Frameworks;
			sourceTree = "<group>";
		};
/* End PBXGroup section */

/* Begin PBXNativeTarget section */
		CBB7522B284109DD00CBA65F /* Reciplease */ = {
			isa = PBXNativeTarget;
			buildConfigurationList = CBB75259284109DD00CBA65F /* Build configuration list for PBXNativeTarget "Reciplease" */;
			buildPhases = (
				654F7DF4C3F2114B63D565B9 /* [CP] Check Pods Manifest.lock */,
				CBB75228284109DD00CBA65F /* Sources */,
				CBB75229284109DD00CBA65F /* Frameworks */,
				CBB7522A284109DD00CBA65F /* Resources */,
				E3F26DB0C476C7E415FFFAFB /* [CP] Embed Pods Frameworks */,
			);
			buildRules = (
			);
			dependencies = (
			);
			name = Reciplease;
			productName = Reciplease;
			productReference = CBB7522C284109DD00CBA65F /* Reciplease.app */;
			productType = "com.apple.product-type.application";
		};
		CBB75244284109DD00CBA65F /* RecipleaseTests */ = {
			isa = PBXNativeTarget;
			buildConfigurationList = CBB7525C284109DD00CBA65F /* Build configuration list for PBXNativeTarget "RecipleaseTests" */;
			buildPhases = (
				0C2A17E38B9C99A21DA88CB1 /* [CP] Check Pods Manifest.lock */,
				CBB75241284109DD00CBA65F /* Sources */,
				CBB75242284109DD00CBA65F /* Frameworks */,
				CBB75243284109DD00CBA65F /* Resources */,
			);
			buildRules = (
			);
			dependencies = (
				CBB75247284109DD00CBA65F /* PBXTargetDependency */,
			);
			name = RecipleaseTests;
			productName = RecipleaseTests;
			productReference = CBB75245284109DD00CBA65F /* RecipleaseTests.xctest */;
			productType = "com.apple.product-type.bundle.unit-test";
		};
		CBB7524E284109DD00CBA65F /* RecipleaseUITests */ = {
			isa = PBXNativeTarget;
			buildConfigurationList = CBB7525F284109DD00CBA65F /* Build configuration list for PBXNativeTarget "RecipleaseUITests" */;
			buildPhases = (
				B05649BEA2F8E55FD4A9E188 /* [CP] Check Pods Manifest.lock */,
				CBB7524B284109DD00CBA65F /* Sources */,
				CBB7524C284109DD00CBA65F /* Frameworks */,
				CBB7524D284109DD00CBA65F /* Resources */,
				2CC4BA5DFC00D6E380907D8C /* [CP] Embed Pods Frameworks */,
			);
			buildRules = (
			);
			dependencies = (
				CBB75251284109DD00CBA65F /* PBXTargetDependency */,
			);
			name = RecipleaseUITests;
			productName = RecipleaseUITests;
			productReference = CBB7524F284109DD00CBA65F /* RecipleaseUITests.xctest */;
			productType = "com.apple.product-type.bundle.ui-testing";
		};
/* End PBXNativeTarget section */

/* Begin PBXProject section */
		CBB75224284109DD00CBA65F /* Project object */ = {
			isa = PBXProject;
			attributes = {
				BuildIndependentTargetsInParallel = 1;
				LastSwiftUpdateCheck = 1330;
				LastUpgradeCheck = 1330;
				TargetAttributes = {
					CBB7522B284109DD00CBA65F = {
						CreatedOnToolsVersion = 13.3;
					};
					CBB75244284109DD00CBA65F = {
						CreatedOnToolsVersion = 13.3;
						TestTargetID = CBB7522B284109DD00CBA65F;
					};
					CBB7524E284109DD00CBA65F = {
						CreatedOnToolsVersion = 13.3;
						TestTargetID = CBB7522B284109DD00CBA65F;
					};
				};
			};
			buildConfigurationList = CBB75227284109DD00CBA65F /* Build configuration list for PBXProject "Reciplease" */;
			compatibilityVersion = "Xcode 13.0";
			developmentRegion = en;
			hasScannedForEncodings = 0;
			knownRegions = (
				en,
				Base,
			);
			mainGroup = CBB75223284109DD00CBA65F;
			productRefGroup = CBB7522D284109DD00CBA65F /* Products */;
			projectDirPath = "";
			projectRoot = "";
			targets = (
				CBB7522B284109DD00CBA65F /* Reciplease */,
				CBB75244284109DD00CBA65F /* RecipleaseTests */,
				CBB7524E284109DD00CBA65F /* RecipleaseUITests */,
			);
		};
/* End PBXProject section */

/* Begin PBXResourcesBuildPhase section */
		CBB7522A284109DD00CBA65F /* Resources */ = {
			isa = PBXResourcesBuildPhase;
			buildActionMask = 2147483647;
			files = (
				CBB7523F284109DD00CBA65F /* LaunchScreen.storyboard in Resources */,
				CBB7523C284109DD00CBA65F /* Assets.xcassets in Resources */,
				CBB75237284109DD00CBA65F /* Main.storyboard in Resources */,
			);
			runOnlyForDeploymentPostprocessing = 0;
		};
		CBB75243284109DD00CBA65F /* Resources */ = {
			isa = PBXResourcesBuildPhase;
			buildActionMask = 2147483647;
			files = (
			);
			runOnlyForDeploymentPostprocessing = 0;
		};
		CBB7524D284109DD00CBA65F /* Resources */ = {
			isa = PBXResourcesBuildPhase;
			buildActionMask = 2147483647;
			files = (
			);
			runOnlyForDeploymentPostprocessing = 0;
		};
/* End PBXResourcesBuildPhase section */

/* Begin PBXShellScriptBuildPhase section */
		0C2A17E38B9C99A21DA88CB1 /* [CP] Check Pods Manifest.lock */ = {
			isa = PBXShellScriptBuildPhase;
			buildActionMask = 2147483647;
			files = (
			);
			inputFileListPaths = (
			);
			inputPaths = (
				"${PODS_PODFILE_DIR_PATH}/Podfile.lock",
				"${PODS_ROOT}/Manifest.lock",
			);
			name = "[CP] Check Pods Manifest.lock";
			outputFileListPaths = (
			);
			outputPaths = (
				"$(DERIVED_FILE_DIR)/Pods-RecipleaseTests-checkManifestLockResult.txt",
			);
			runOnlyForDeploymentPostprocessing = 0;
			shellPath = /bin/sh;
			shellScript = "diff \"${PODS_PODFILE_DIR_PATH}/Podfile.lock\" \"${PODS_ROOT}/Manifest.lock\" > /dev/null\nif [ $? != 0 ] ; then\n    # print error to STDERR\n    echo \"error: The sandbox is not in sync with the Podfile.lock. Run 'pod install' or update your CocoaPods installation.\" >&2\n    exit 1\nfi\n# This output is used by Xcode 'outputs' to avoid re-running this script phase.\necho \"SUCCESS\" > \"${SCRIPT_OUTPUT_FILE_0}\"\n";
			showEnvVarsInLog = 0;
		};
		2CC4BA5DFC00D6E380907D8C /* [CP] Embed Pods Frameworks */ = {
			isa = PBXShellScriptBuildPhase;
			buildActionMask = 2147483647;
			files = (
			);
			inputFileListPaths = (
				"${PODS_ROOT}/Target Support Files/Pods-Reciplease-RecipleaseUITests/Pods-Reciplease-RecipleaseUITests-frameworks-${CONFIGURATION}-input-files.xcfilelist",
			);
			name = "[CP] Embed Pods Frameworks";
			outputFileListPaths = (
				"${PODS_ROOT}/Target Support Files/Pods-Reciplease-RecipleaseUITests/Pods-Reciplease-RecipleaseUITests-frameworks-${CONFIGURATION}-output-files.xcfilelist",
			);
			runOnlyForDeploymentPostprocessing = 0;
			shellPath = /bin/sh;
			shellScript = "\"${PODS_ROOT}/Target Support Files/Pods-Reciplease-RecipleaseUITests/Pods-Reciplease-RecipleaseUITests-frameworks.sh\"\n";
			showEnvVarsInLog = 0;
		};
		654F7DF4C3F2114B63D565B9 /* [CP] Check Pods Manifest.lock */ = {
			isa = PBXShellScriptBuildPhase;
			buildActionMask = 2147483647;
			files = (
			);
			inputFileListPaths = (
			);
			inputPaths = (
				"${PODS_PODFILE_DIR_PATH}/Podfile.lock",
				"${PODS_ROOT}/Manifest.lock",
			);
			name = "[CP] Check Pods Manifest.lock";
			outputFileListPaths = (
			);
			outputPaths = (
				"$(DERIVED_FILE_DIR)/Pods-Reciplease-checkManifestLockResult.txt",
			);
			runOnlyForDeploymentPostprocessing = 0;
			shellPath = /bin/sh;
			shellScript = "diff \"${PODS_PODFILE_DIR_PATH}/Podfile.lock\" \"${PODS_ROOT}/Manifest.lock\" > /dev/null\nif [ $? != 0 ] ; then\n    # print error to STDERR\n    echo \"error: The sandbox is not in sync with the Podfile.lock. Run 'pod install' or update your CocoaPods installation.\" >&2\n    exit 1\nfi\n# This output is used by Xcode 'outputs' to avoid re-running this script phase.\necho \"SUCCESS\" > \"${SCRIPT_OUTPUT_FILE_0}\"\n";
			showEnvVarsInLog = 0;
		};
		B05649BEA2F8E55FD4A9E188 /* [CP] Check Pods Manifest.lock */ = {
			isa = PBXShellScriptBuildPhase;
			buildActionMask = 2147483647;
			files = (
			);
			inputFileListPaths = (
			);
			inputPaths = (
				"${PODS_PODFILE_DIR_PATH}/Podfile.lock",
				"${PODS_ROOT}/Manifest.lock",
			);
			name = "[CP] Check Pods Manifest.lock";
			outputFileListPaths = (
			);
			outputPaths = (
				"$(DERIVED_FILE_DIR)/Pods-Reciplease-RecipleaseUITests-checkManifestLockResult.txt",
			);
			runOnlyForDeploymentPostprocessing = 0;
			shellPath = /bin/sh;
			shellScript = "diff \"${PODS_PODFILE_DIR_PATH}/Podfile.lock\" \"${PODS_ROOT}/Manifest.lock\" > /dev/null\nif [ $? != 0 ] ; then\n    # print error to STDERR\n    echo \"error: The sandbox is not in sync with the Podfile.lock. Run 'pod install' or update your CocoaPods installation.\" >&2\n    exit 1\nfi\n# This output is used by Xcode 'outputs' to avoid re-running this script phase.\necho \"SUCCESS\" > \"${SCRIPT_OUTPUT_FILE_0}\"\n";
			showEnvVarsInLog = 0;
		};
		E3F26DB0C476C7E415FFFAFB /* [CP] Embed Pods Frameworks */ = {
			isa = PBXShellScriptBuildPhase;
			buildActionMask = 2147483647;
			files = (
			);
			inputFileListPaths = (
				"${PODS_ROOT}/Target Support Files/Pods-Reciplease/Pods-Reciplease-frameworks-${CONFIGURATION}-input-files.xcfilelist",
			);
			name = "[CP] Embed Pods Frameworks";
			outputFileListPaths = (
				"${PODS_ROOT}/Target Support Files/Pods-Reciplease/Pods-Reciplease-frameworks-${CONFIGURATION}-output-files.xcfilelist",
			);
			runOnlyForDeploymentPostprocessing = 0;
			shellPath = /bin/sh;
			shellScript = "\"${PODS_ROOT}/Target Support Files/Pods-Reciplease/Pods-Reciplease-frameworks.sh\"\n";
			showEnvVarsInLog = 0;
		};
/* End PBXShellScriptBuildPhase section */

/* Begin PBXSourcesBuildPhase section */
		CBB75228284109DD00CBA65F /* Sources */ = {
			isa = PBXSourcesBuildPhase;
			buildActionMask = 2147483647;
			files = (
				CBA81F7628410BFD0078A255 /* CoreDataStack.swift in Sources */,
				CBB7523A284109DD00CBA65F /* Reciplease.xcdatamodeld in Sources */,
				CBB75234284109DD00CBA65F /* ViewController.swift in Sources */,
				CBA81F7828410ED00078A255 /* Recipe.swift in Sources */,
				CBB75230284109DD00CBA65F /* AppDelegate.swift in Sources */,
				CBA81F7A284112E70078A255 /* CoreDataManager.swift in Sources */,
				CBB75232284109DD00CBA65F /* SceneDelegate.swift in Sources */,
			);
			runOnlyForDeploymentPostprocessing = 0;
		};
		CBB75241284109DD00CBA65F /* Sources */ = {
			isa = PBXSourcesBuildPhase;
			buildActionMask = 2147483647;
			files = (
				CBB7524A284109DD00CBA65F /* RecipleaseTests.swift in Sources */,
			);
			runOnlyForDeploymentPostprocessing = 0;
		};
		CBB7524B284109DD00CBA65F /* Sources */ = {
			isa = PBXSourcesBuildPhase;
			buildActionMask = 2147483647;
			files = (
				CBB75254284109DD00CBA65F /* RecipleaseUITests.swift in Sources */,
				CBB75256284109DD00CBA65F /* RecipleaseUITestsLaunchTests.swift in Sources */,
			);
			runOnlyForDeploymentPostprocessing = 0;
		};
/* End PBXSourcesBuildPhase section */

/* Begin PBXTargetDependency section */
		CBB75247284109DD00CBA65F /* PBXTargetDependency */ = {
			isa = PBXTargetDependency;
			target = CBB7522B284109DD00CBA65F /* Reciplease */;
			targetProxy = CBB75246284109DD00CBA65F /* PBXContainerItemProxy */;
		};
		CBB75251284109DD00CBA65F /* PBXTargetDependency */ = {
			isa = PBXTargetDependency;
			target = CBB7522B284109DD00CBA65F /* Reciplease */;
			targetProxy = CBB75250284109DD00CBA65F /* PBXContainerItemProxy */;
		};
/* End PBXTargetDependency section */

/* Begin PBXVariantGroup section */
		CBB75235284109DD00CBA65F /* Main.storyboard */ = {
			isa = PBXVariantGroup;
			children = (
				CBB75236284109DD00CBA65F /* Base */,
			);
			name = Main.storyboard;
			sourceTree = "<group>";
		};
		CBB7523D284109DD00CBA65F /* LaunchScreen.storyboard */ = {
			isa = PBXVariantGroup;
			children = (
				CBB7523E284109DD00CBA65F /* Base */,
			);
			name = LaunchScreen.storyboard;
			sourceTree = "<group>";
		};
/* End PBXVariantGroup section */

/* Begin XCBuildConfiguration section */
		CBB75257284109DD00CBA65F /* Debug */ = {
			isa = XCBuildConfiguration;
			buildSettings = {
				ALWAYS_SEARCH_USER_PATHS = NO;
				CLANG_ANALYZER_NONNULL = YES;
				CLANG_ANALYZER_NUMBER_OBJECT_CONVERSION = YES_AGGRESSIVE;
				CLANG_CXX_LANGUAGE_STANDARD = "gnu++17";
				CLANG_ENABLE_MODULES = YES;
				CLANG_ENABLE_OBJC_ARC = YES;
				CLANG_ENABLE_OBJC_WEAK = YES;
				CLANG_WARN_BLOCK_CAPTURE_AUTORELEASING = YES;
				CLANG_WARN_BOOL_CONVERSION = YES;
				CLANG_WARN_COMMA = YES;
				CLANG_WARN_CONSTANT_CONVERSION = YES;
				CLANG_WARN_DEPRECATED_OBJC_IMPLEMENTATIONS = YES;
				CLANG_WARN_DIRECT_OBJC_ISA_USAGE = YES_ERROR;
				CLANG_WARN_DOCUMENTATION_COMMENTS = YES;
				CLANG_WARN_EMPTY_BODY = YES;
				CLANG_WARN_ENUM_CONVERSION = YES;
				CLANG_WARN_INFINITE_RECURSION = YES;
				CLANG_WARN_INT_CONVERSION = YES;
				CLANG_WARN_NON_LITERAL_NULL_CONVERSION = YES;
				CLANG_WARN_OBJC_IMPLICIT_RETAIN_SELF = YES;
				CLANG_WARN_OBJC_LITERAL_CONVERSION = YES;
				CLANG_WARN_OBJC_ROOT_CLASS = YES_ERROR;
				CLANG_WARN_QUOTED_INCLUDE_IN_FRAMEWORK_HEADER = YES;
				CLANG_WARN_RANGE_LOOP_ANALYSIS = YES;
				CLANG_WARN_STRICT_PROTOTYPES = YES;
				CLANG_WARN_SUSPICIOUS_MOVE = YES;
				CLANG_WARN_UNGUARDED_AVAILABILITY = YES_AGGRESSIVE;
				CLANG_WARN_UNREACHABLE_CODE = YES;
				CLANG_WARN__DUPLICATE_METHOD_MATCH = YES;
				COPY_PHASE_STRIP = NO;
				DEBUG_INFORMATION_FORMAT = dwarf;
				ENABLE_STRICT_OBJC_MSGSEND = YES;
				ENABLE_TESTABILITY = YES;
				GCC_C_LANGUAGE_STANDARD = gnu11;
				GCC_DYNAMIC_NO_PIC = NO;
				GCC_NO_COMMON_BLOCKS = YES;
				GCC_OPTIMIZATION_LEVEL = 0;
				GCC_PREPROCESSOR_DEFINITIONS = (
					"DEBUG=1",
					"$(inherited)",
				);
				GCC_WARN_64_TO_32_BIT_CONVERSION = YES;
				GCC_WARN_ABOUT_RETURN_TYPE = YES_ERROR;
				GCC_WARN_UNDECLARED_SELECTOR = YES;
				GCC_WARN_UNINITIALIZED_AUTOS = YES_AGGRESSIVE;
				GCC_WARN_UNUSED_FUNCTION = YES;
				GCC_WARN_UNUSED_VARIABLE = YES;
				IPHONEOS_DEPLOYMENT_TARGET = 15.4;
				MTL_ENABLE_DEBUG_INFO = INCLUDE_SOURCE;
				MTL_FAST_MATH = YES;
				ONLY_ACTIVE_ARCH = YES;
				SDKROOT = iphoneos;
				SWIFT_ACTIVE_COMPILATION_CONDITIONS = DEBUG;
				SWIFT_OPTIMIZATION_LEVEL = "-Onone";
			};
			name = Debug;
		};
		CBB75258284109DD00CBA65F /* Release */ = {
			isa = XCBuildConfiguration;
			buildSettings = {
				ALWAYS_SEARCH_USER_PATHS = NO;
				CLANG_ANALYZER_NONNULL = YES;
				CLANG_ANALYZER_NUMBER_OBJECT_CONVERSION = YES_AGGRESSIVE;
				CLANG_CXX_LANGUAGE_STANDARD = "gnu++17";
				CLANG_ENABLE_MODULES = YES;
				CLANG_ENABLE_OBJC_ARC = YES;
				CLANG_ENABLE_OBJC_WEAK = YES;
				CLANG_WARN_BLOCK_CAPTURE_AUTORELEASING = YES;
				CLANG_WARN_BOOL_CONVERSION = YES;
				CLANG_WARN_COMMA = YES;
				CLANG_WARN_CONSTANT_CONVERSION = YES;
				CLANG_WARN_DEPRECATED_OBJC_IMPLEMENTATIONS = YES;
				CLANG_WARN_DIRECT_OBJC_ISA_USAGE = YES_ERROR;
				CLANG_WARN_DOCUMENTATION_COMMENTS = YES;
				CLANG_WARN_EMPTY_BODY = YES;
				CLANG_WARN_ENUM_CONVERSION = YES;
				CLANG_WARN_INFINITE_RECURSION = YES;
				CLANG_WARN_INT_CONVERSION = YES;
				CLANG_WARN_NON_LITERAL_NULL_CONVERSION = YES;
				CLANG_WARN_OBJC_IMPLICIT_RETAIN_SELF = YES;
				CLANG_WARN_OBJC_LITERAL_CONVERSION = YES;
				CLANG_WARN_OBJC_ROOT_CLASS = YES_ERROR;
				CLANG_WARN_QUOTED_INCLUDE_IN_FRAMEWORK_HEADER = YES;
				CLANG_WARN_RANGE_LOOP_ANALYSIS = YES;
				CLANG_WARN_STRICT_PROTOTYPES = YES;
				CLANG_WARN_SUSPICIOUS_MOVE = YES;
				CLANG_WARN_UNGUARDED_AVAILABILITY = YES_AGGRESSIVE;
				CLANG_WARN_UNREACHABLE_CODE = YES;
				CLANG_WARN__DUPLICATE_METHOD_MATCH = YES;
				COPY_PHASE_STRIP = NO;
				DEBUG_INFORMATION_FORMAT = "dwarf-with-dsym";
				ENABLE_NS_ASSERTIONS = NO;
				ENABLE_STRICT_OBJC_MSGSEND = YES;
				GCC_C_LANGUAGE_STANDARD = gnu11;
				GCC_NO_COMMON_BLOCKS = YES;
				GCC_WARN_64_TO_32_BIT_CONVERSION = YES;
				GCC_WARN_ABOUT_RETURN_TYPE = YES_ERROR;
				GCC_WARN_UNDECLARED_SELECTOR = YES;
				GCC_WARN_UNINITIALIZED_AUTOS = YES_AGGRESSIVE;
				GCC_WARN_UNUSED_FUNCTION = YES;
				GCC_WARN_UNUSED_VARIABLE = YES;
				IPHONEOS_DEPLOYMENT_TARGET = 15.4;
				MTL_ENABLE_DEBUG_INFO = NO;
				MTL_FAST_MATH = YES;
				SDKROOT = iphoneos;
				SWIFT_COMPILATION_MODE = wholemodule;
				SWIFT_OPTIMIZATION_LEVEL = "-O";
				VALIDATE_PRODUCT = YES;
			};
			name = Release;
		};
		CBB7525A284109DD00CBA65F /* Debug */ = {
			isa = XCBuildConfiguration;
			baseConfigurationReference = 3E0F482507F4594148B66A28 /* Pods-Reciplease.debug.xcconfig */;
			buildSettings = {
				ASSETCATALOG_COMPILER_APPICON_NAME = AppIcon;
				ASSETCATALOG_COMPILER_GLOBAL_ACCENT_COLOR_NAME = AccentColor;
				CODE_SIGN_STYLE = Automatic;
				CURRENT_PROJECT_VERSION = 1;
				DEVELOPMENT_TEAM = BNUGGZ7P34;
				GENERATE_INFOPLIST_FILE = YES;
				INFOPLIST_FILE = Reciplease/Info.plist;
				INFOPLIST_KEY_UIApplicationSupportsIndirectInputEvents = YES;
				INFOPLIST_KEY_UILaunchStoryboardName = LaunchScreen;
				INFOPLIST_KEY_UIMainStoryboardFile = Main;
				INFOPLIST_KEY_UISupportedInterfaceOrientations_iPad = "UIInterfaceOrientationPortrait UIInterfaceOrientationPortraitUpsideDown UIInterfaceOrientationLandscapeLeft UIInterfaceOrientationLandscapeRight";
				INFOPLIST_KEY_UISupportedInterfaceOrientations_iPhone = "UIInterfaceOrientationPortrait UIInterfaceOrientationLandscapeLeft UIInterfaceOrientationLandscapeRight";
				LD_RUNPATH_SEARCH_PATHS = (
					"$(inherited)",
					"@executable_path/Frameworks",
				);
				MARKETING_VERSION = 1.0;
				PRODUCT_BUNDLE_IDENTIFIER = fr.openclassrooms.srihet.Reciplease;
				PRODUCT_NAME = "$(TARGET_NAME)";
				SWIFT_EMIT_LOC_STRINGS = YES;
				SWIFT_VERSION = 5.0;
				TARGETED_DEVICE_FAMILY = "1,2";
			};
			name = Debug;
		};
		CBB7525B284109DD00CBA65F /* Release */ = {
			isa = XCBuildConfiguration;
			baseConfigurationReference = E22E3E1F947ACB4CEEB8C61D /* Pods-Reciplease.release.xcconfig */;
			buildSettings = {
				ASSETCATALOG_COMPILER_APPICON_NAME = AppIcon;
				ASSETCATALOG_COMPILER_GLOBAL_ACCENT_COLOR_NAME = AccentColor;
				CODE_SIGN_STYLE = Automatic;
				CURRENT_PROJECT_VERSION = 1;
				DEVELOPMENT_TEAM = BNUGGZ7P34;
				GENERATE_INFOPLIST_FILE = YES;
				INFOPLIST_FILE = Reciplease/Info.plist;
				INFOPLIST_KEY_UIApplicationSupportsIndirectInputEvents = YES;
				INFOPLIST_KEY_UILaunchStoryboardName = LaunchScreen;
				INFOPLIST_KEY_UIMainStoryboardFile = Main;
				INFOPLIST_KEY_UISupportedInterfaceOrientations_iPad = "UIInterfaceOrientationPortrait UIInterfaceOrientationPortraitUpsideDown UIInterfaceOrientationLandscapeLeft UIInterfaceOrientationLandscapeRight";
				INFOPLIST_KEY_UISupportedInterfaceOrientations_iPhone = "UIInterfaceOrientationPortrait UIInterfaceOrientationLandscapeLeft UIInterfaceOrientationLandscapeRight";
				LD_RUNPATH_SEARCH_PATHS = (
					"$(inherited)",
					"@executable_path/Frameworks",
				);
				MARKETING_VERSION = 1.0;
				PRODUCT_BUNDLE_IDENTIFIER = fr.openclassrooms.srihet.Reciplease;
				PRODUCT_NAME = "$(TARGET_NAME)";
				SWIFT_EMIT_LOC_STRINGS = YES;
				SWIFT_VERSION = 5.0;
				TARGETED_DEVICE_FAMILY = "1,2";
			};
			name = Release;
		};
		CBB7525D284109DD00CBA65F /* Debug */ = {
			isa = XCBuildConfiguration;
			baseConfigurationReference = 0F25F2422263F9DEF315ACA5 /* Pods-RecipleaseTests.debug.xcconfig */;
			buildSettings = {
				ALWAYS_EMBED_SWIFT_STANDARD_LIBRARIES = YES;
				BUNDLE_LOADER = "$(TEST_HOST)";
				CODE_SIGN_STYLE = Automatic;
				CURRENT_PROJECT_VERSION = 1;
				DEVELOPMENT_TEAM = BNUGGZ7P34;
				GENERATE_INFOPLIST_FILE = YES;
				IPHONEOS_DEPLOYMENT_TARGET = 15.4;
				MARKETING_VERSION = 1.0;
				PRODUCT_BUNDLE_IDENTIFIER = fr.openclassrooms.srihet.RecipleaseTests;
				PRODUCT_NAME = "$(TARGET_NAME)";
				SWIFT_EMIT_LOC_STRINGS = NO;
				SWIFT_VERSION = 5.0;
				TARGETED_DEVICE_FAMILY = "1,2";
				TEST_HOST = "$(BUILT_PRODUCTS_DIR)/Reciplease.app/Reciplease";
			};
			name = Debug;
		};
		CBB7525E284109DD00CBA65F /* Release */ = {
			isa = XCBuildConfiguration;
			baseConfigurationReference = D692478AAFC27B5179ED8F7C /* Pods-RecipleaseTests.release.xcconfig */;
			buildSettings = {
				ALWAYS_EMBED_SWIFT_STANDARD_LIBRARIES = YES;
				BUNDLE_LOADER = "$(TEST_HOST)";
				CODE_SIGN_STYLE = Automatic;
				CURRENT_PROJECT_VERSION = 1;
				DEVELOPMENT_TEAM = BNUGGZ7P34;
				GENERATE_INFOPLIST_FILE = YES;
				IPHONEOS_DEPLOYMENT_TARGET = 15.4;
				MARKETING_VERSION = 1.0;
				PRODUCT_BUNDLE_IDENTIFIER = fr.openclassrooms.srihet.RecipleaseTests;
				PRODUCT_NAME = "$(TARGET_NAME)";
				SWIFT_EMIT_LOC_STRINGS = NO;
				SWIFT_VERSION = 5.0;
				TARGETED_DEVICE_FAMILY = "1,2";
				TEST_HOST = "$(BUILT_PRODUCTS_DIR)/Reciplease.app/Reciplease";
			};
			name = Release;
		};
		CBB75260284109DD00CBA65F /* Debug */ = {
			isa = XCBuildConfiguration;
			baseConfigurationReference = 045D5AAF30AAF91641414D47 /* Pods-Reciplease-RecipleaseUITests.debug.xcconfig */;
			buildSettings = {
				ALWAYS_EMBED_SWIFT_STANDARD_LIBRARIES = YES;
				CODE_SIGN_STYLE = Automatic;
				CURRENT_PROJECT_VERSION = 1;
				DEVELOPMENT_TEAM = BNUGGZ7P34;
				GENERATE_INFOPLIST_FILE = YES;
				MARKETING_VERSION = 1.0;
				PRODUCT_BUNDLE_IDENTIFIER = fr.openclassrooms.srihet.RecipleaseUITests;
				PRODUCT_NAME = "$(TARGET_NAME)";
				SWIFT_EMIT_LOC_STRINGS = NO;
				SWIFT_VERSION = 5.0;
				TARGETED_DEVICE_FAMILY = "1,2";
				TEST_TARGET_NAME = Reciplease;
			};
			name = Debug;
		};
		CBB75261284109DD00CBA65F /* Release */ = {
			isa = XCBuildConfiguration;
			baseConfigurationReference = 094506BFFA57A90A6D05D0F5 /* Pods-Reciplease-RecipleaseUITests.release.xcconfig */;
			buildSettings = {
				ALWAYS_EMBED_SWIFT_STANDARD_LIBRARIES = YES;
				CODE_SIGN_STYLE = Automatic;
				CURRENT_PROJECT_VERSION = 1;
				DEVELOPMENT_TEAM = BNUGGZ7P34;
				GENERATE_INFOPLIST_FILE = YES;
				MARKETING_VERSION = 1.0;
				PRODUCT_BUNDLE_IDENTIFIER = fr.openclassrooms.srihet.RecipleaseUITests;
				PRODUCT_NAME = "$(TARGET_NAME)";
				SWIFT_EMIT_LOC_STRINGS = NO;
				SWIFT_VERSION = 5.0;
				TARGETED_DEVICE_FAMILY = "1,2";
				TEST_TARGET_NAME = Reciplease;
			};
			name = Release;
		};
/* End XCBuildConfiguration section */

/* Begin XCConfigurationList section */
		CBB75227284109DD00CBA65F /* Build configuration list for PBXProject "Reciplease" */ = {
			isa = XCConfigurationList;
			buildConfigurations = (
				CBB75257284109DD00CBA65F /* Debug */,
				CBB75258284109DD00CBA65F /* Release */,
			);
			defaultConfigurationIsVisible = 0;
			defaultConfigurationName = Release;
		};
		CBB75259284109DD00CBA65F /* Build configuration list for PBXNativeTarget "Reciplease" */ = {
			isa = XCConfigurationList;
			buildConfigurations = (
				CBB7525A284109DD00CBA65F /* Debug */,
				CBB7525B284109DD00CBA65F /* Release */,
			);
			defaultConfigurationIsVisible = 0;
			defaultConfigurationName = Release;
		};
		CBB7525C284109DD00CBA65F /* Build configuration list for PBXNativeTarget "RecipleaseTests" */ = {
			isa = XCConfigurationList;
			buildConfigurations = (
				CBB7525D284109DD00CBA65F /* Debug */,
				CBB7525E284109DD00CBA65F /* Release */,
			);
			defaultConfigurationIsVisible = 0;
			defaultConfigurationName = Release;
		};
		CBB7525F284109DD00CBA65F /* Build configuration list for PBXNativeTarget "RecipleaseUITests" */ = {
			isa = XCConfigurationList;
			buildConfigurations = (
				CBB75260284109DD00CBA65F /* Debug */,
				CBB75261284109DD00CBA65F /* Release */,
			);
			defaultConfigurationIsVisible = 0;
			defaultConfigurationName = Release;
		};
/* End XCConfigurationList section */

/* Begin XCVersionGroup section */
		CBB75238284109DD00CBA65F /* Reciplease.xcdatamodeld */ = {
			isa = XCVersionGroup;
			children = (
				CBB75239284109DD00CBA65F /* Reciplease.xcdatamodel */,
			);
			currentVersion = CBB75239284109DD00CBA65F /* Reciplease.xcdatamodel */;
			path = Reciplease.xcdatamodeld;
			sourceTree = "<group>";
			versionGroupType = wrapper.xcdatamodel;
		};
/* End XCVersionGroup section */
	};
	rootObject = CBB75224284109DD00CBA65F /* Project object */;
}
